// !$*UTF8*$!
{
	archiveVersion = 1;
	classes = {
	};
	objectVersion = 55;
	objects = {

/* Begin PBXBuildFile section */
		1D41BE122A2A692800FF8CCC /* SportsTableViewCell.swift in Sources */ = {isa = PBXBuildFile; fileRef = 1D41BE102A2A692800FF8CCC /* SportsTableViewCell.swift */; };
		1D41BE132A2A692800FF8CCC /* SportsTableViewCell.xib in Resources */ = {isa = PBXBuildFile; fileRef = 1D41BE112A2A692800FF8CCC /* SportsTableViewCell.xib */; };
		1D46AB5C2A28AE0C007C2710 /* AppDelegate.swift in Sources */ = {isa = PBXBuildFile; fileRef = 1D46AB5B2A28AE0C007C2710 /* AppDelegate.swift */; };
		1D46AB602A28AE0C007C2710 /* MainViewController.swift in Sources */ = {isa = PBXBuildFile; fileRef = 1D46AB5F2A28AE0C007C2710 /* MainViewController.swift */; };
		1D46AB632A28AE0C007C2710 /* Main.storyboard in Resources */ = {isa = PBXBuildFile; fileRef = 1D46AB612A28AE0C007C2710 /* Main.storyboard */; };
		1D46AB652A28AE12007C2710 /* Assets.xcassets in Resources */ = {isa = PBXBuildFile; fileRef = 1D46AB642A28AE12007C2710 /* Assets.xcassets */; };
		1D46AB682A28AE12007C2710 /* LaunchScreen.storyboard in Resources */ = {isa = PBXBuildFile; fileRef = 1D46AB662A28AE12007C2710 /* LaunchScreen.storyboard */; };
		1D46AB732A28AE13007C2710 /* KaizenGamingAssignmentTests.swift in Sources */ = {isa = PBXBuildFile; fileRef = 1D46AB722A28AE13007C2710 /* KaizenGamingAssignmentTests.swift */; };
		1D46AB7D2A28AE13007C2710 /* KaizenGamingAssignmentUITests.swift in Sources */ = {isa = PBXBuildFile; fileRef = 1D46AB7C2A28AE13007C2710 /* KaizenGamingAssignmentUITests.swift */; };
		1D46AB7F2A28AE13007C2710 /* KaizenGamingAssignmentUITestsLaunchTests.swift in Sources */ = {isa = PBXBuildFile; fileRef = 1D46AB7E2A28AE13007C2710 /* KaizenGamingAssignmentUITestsLaunchTests.swift */; };
		1D46AB932A2A1312007C2710 /* SceneDelegate.swift in Sources */ = {isa = PBXBuildFile; fileRef = 1D46AB922A2A1312007C2710 /* SceneDelegate.swift */; };
		1D58FF7B2A2B4C650020E96A /* HeaderUIView.swift in Sources */ = {isa = PBXBuildFile; fileRef = 1D58FF7A2A2B4C650020E96A /* HeaderUIView.swift */; };
		1D58FF7D2A2B4C790020E96A /* HeaderUIView.xib in Resources */ = {isa = PBXBuildFile; fileRef = 1D58FF7C2A2B4C790020E96A /* HeaderUIView.xib */; };
		1D58FF7F2A2B7DD40020E96A /* SportsViewModel.swift in Sources */ = {isa = PBXBuildFile; fileRef = 1D58FF7E2A2B7DD40020E96A /* SportsViewModel.swift */; };
		1D6FFC702A2C9A8E000E2D43 /* Podfile in Resources */ = {isa = PBXBuildFile; fileRef = 1D6FFC6F2A2C9A8E000E2D43 /* Podfile */; };
		1D6FFC722A2C9B26000E2D43 /* NetoworManager.swift in Sources */ = {isa = PBXBuildFile; fileRef = 1D6FFC712A2C9B26000E2D43 /* NetoworManager.swift */; };
		1D6FFC742A2CCE32000E2D43 /* Sport.swift in Sources */ = {isa = PBXBuildFile; fileRef = 1D6FFC732A2CCE32000E2D43 /* Sport.swift */; };
		1D6FFC762A2CCF4C000E2D43 /* Event.swift in Sources */ = {isa = PBXBuildFile; fileRef = 1D6FFC752A2CCF4C000E2D43 /* Event.swift */; };
		1DD3A2292A2BBB96008E4C70 /* EventsCollectionViewCell.swift in Sources */ = {isa = PBXBuildFile; fileRef = 1DD3A2272A2BBB96008E4C70 /* EventsCollectionViewCell.swift */; };
		1DD3A22A2A2BBB96008E4C70 /* EventsCollectionViewCell.xib in Resources */ = {isa = PBXBuildFile; fileRef = 1DD3A2282A2BBB96008E4C70 /* EventsCollectionViewCell.xib */; };
		1DD3A22F2A2BBEAD008E4C70 /* SportsTableViewCell+CollectionView.swift in Sources */ = {isa = PBXBuildFile; fileRef = 1DD3A22E2A2BBEAD008E4C70 /* SportsTableViewCell+CollectionView.swift */; };
		23008920C4280888853E6012 /* Pods_KaizenGamingAssignment.framework in Frameworks */ = {isa = PBXBuildFile; fileRef = BFEF1A859F5DC82B0AE856EF /* Pods_KaizenGamingAssignment.framework */; };
		8B38CFE0886D68C59F6BC8A0 /* Pods_KaizenGamingAssignmentTests.framework in Frameworks */ = {isa = PBXBuildFile; fileRef = 9AD4F6ABF36D6C539B1BCA99 /* Pods_KaizenGamingAssignmentTests.framework */; };
		AAE4F77CF9FFBC6E413EBAE0 /* Pods_KaizenGamingAssignment_KaizenGamingAssignmentUITests.framework in Frameworks */ = {isa = PBXBuildFile; fileRef = 7FF09D3B596A151AA99CADB8 /* Pods_KaizenGamingAssignment_KaizenGamingAssignmentUITests.framework */; };
/* End PBXBuildFile section */

/* Begin PBXContainerItemProxy section */
		1D46AB6F2A28AE13007C2710 /* PBXContainerItemProxy */ = {
			isa = PBXContainerItemProxy;
			containerPortal = 1D46AB502A28AE0C007C2710 /* Project object */;
			proxyType = 1;
			remoteGlobalIDString = 1D46AB572A28AE0C007C2710;
			remoteInfo = KaizenGamingAssignment;
		};
		1D46AB792A28AE13007C2710 /* PBXContainerItemProxy */ = {
			isa = PBXContainerItemProxy;
			containerPortal = 1D46AB502A28AE0C007C2710 /* Project object */;
			proxyType = 1;
			remoteGlobalIDString = 1D46AB572A28AE0C007C2710;
			remoteInfo = KaizenGamingAssignment;
		};
/* End PBXContainerItemProxy section */

/* Begin PBXFileReference section */
		1D41BE102A2A692800FF8CCC /* SportsTableViewCell.swift */ = {isa = PBXFileReference; lastKnownFileType = sourcecode.swift; path = SportsTableViewCell.swift; sourceTree = "<group>"; };
		1D41BE112A2A692800FF8CCC /* SportsTableViewCell.xib */ = {isa = PBXFileReference; lastKnownFileType = file.xib; path = SportsTableViewCell.xib; sourceTree = "<group>"; };
		1D46AB582A28AE0C007C2710 /* KaizenGamingAssignment.app */ = {isa = PBXFileReference; explicitFileType = wrapper.application; includeInIndex = 0; path = KaizenGamingAssignment.app; sourceTree = BUILT_PRODUCTS_DIR; };
		1D46AB5B2A28AE0C007C2710 /* AppDelegate.swift */ = {isa = PBXFileReference; lastKnownFileType = sourcecode.swift; path = AppDelegate.swift; sourceTree = "<group>"; };
		1D46AB5F2A28AE0C007C2710 /* MainViewController.swift */ = {isa = PBXFileReference; lastKnownFileType = sourcecode.swift; path = MainViewController.swift; sourceTree = "<group>"; };
		1D46AB622A28AE0C007C2710 /* Base */ = {isa = PBXFileReference; lastKnownFileType = file.storyboard; name = Base; path = Base.lproj/Main.storyboard; sourceTree = "<group>"; };
		1D46AB642A28AE12007C2710 /* Assets.xcassets */ = {isa = PBXFileReference; lastKnownFileType = folder.assetcatalog; path = Assets.xcassets; sourceTree = "<group>"; };
		1D46AB672A28AE12007C2710 /* Base */ = {isa = PBXFileReference; lastKnownFileType = file.storyboard; name = Base; path = Base.lproj/LaunchScreen.storyboard; sourceTree = "<group>"; };
		1D46AB692A28AE12007C2710 /* Info.plist */ = {isa = PBXFileReference; lastKnownFileType = text.plist.xml; path = Info.plist; sourceTree = "<group>"; };
		1D46AB6E2A28AE13007C2710 /* KaizenGamingAssignmentTests.xctest */ = {isa = PBXFileReference; explicitFileType = wrapper.cfbundle; includeInIndex = 0; path = KaizenGamingAssignmentTests.xctest; sourceTree = BUILT_PRODUCTS_DIR; };
		1D46AB722A28AE13007C2710 /* KaizenGamingAssignmentTests.swift */ = {isa = PBXFileReference; lastKnownFileType = sourcecode.swift; path = KaizenGamingAssignmentTests.swift; sourceTree = "<group>"; };
		1D46AB782A28AE13007C2710 /* KaizenGamingAssignmentUITests.xctest */ = {isa = PBXFileReference; explicitFileType = wrapper.cfbundle; includeInIndex = 0; path = KaizenGamingAssignmentUITests.xctest; sourceTree = BUILT_PRODUCTS_DIR; };
		1D46AB7C2A28AE13007C2710 /* KaizenGamingAssignmentUITests.swift */ = {isa = PBXFileReference; lastKnownFileType = sourcecode.swift; path = KaizenGamingAssignmentUITests.swift; sourceTree = "<group>"; };
		1D46AB7E2A28AE13007C2710 /* KaizenGamingAssignmentUITestsLaunchTests.swift */ = {isa = PBXFileReference; lastKnownFileType = sourcecode.swift; path = KaizenGamingAssignmentUITestsLaunchTests.swift; sourceTree = "<group>"; };
		1D46AB922A2A1312007C2710 /* SceneDelegate.swift */ = {isa = PBXFileReference; fileEncoding = 4; lastKnownFileType = sourcecode.swift; path = SceneDelegate.swift; sourceTree = "<group>"; };
		1D58FF7A2A2B4C650020E96A /* HeaderUIView.swift */ = {isa = PBXFileReference; lastKnownFileType = sourcecode.swift; path = HeaderUIView.swift; sourceTree = "<group>"; };
		1D58FF7C2A2B4C790020E96A /* HeaderUIView.xib */ = {isa = PBXFileReference; lastKnownFileType = file.xib; path = HeaderUIView.xib; sourceTree = "<group>"; };
		1D58FF7E2A2B7DD40020E96A /* SportsViewModel.swift */ = {isa = PBXFileReference; lastKnownFileType = sourcecode.swift; path = SportsViewModel.swift; sourceTree = "<group>"; };
		1D6FFC6F2A2C9A8E000E2D43 /* Podfile */ = {isa = PBXFileReference; fileEncoding = 4; lastKnownFileType = text; path = Podfile; sourceTree = SOURCE_ROOT; };
		1D6FFC712A2C9B26000E2D43 /* NetoworManager.swift */ = {isa = PBXFileReference; lastKnownFileType = sourcecode.swift; path = NetoworManager.swift; sourceTree = "<group>"; };
		1D6FFC732A2CCE32000E2D43 /* Sport.swift */ = {isa = PBXFileReference; lastKnownFileType = sourcecode.swift; path = Sport.swift; sourceTree = "<group>"; };
		1D6FFC752A2CCF4C000E2D43 /* Event.swift */ = {isa = PBXFileReference; lastKnownFileType = sourcecode.swift; path = Event.swift; sourceTree = "<group>"; };
		1DD3A2272A2BBB96008E4C70 /* EventsCollectionViewCell.swift */ = {isa = PBXFileReference; lastKnownFileType = sourcecode.swift; path = EventsCollectionViewCell.swift; sourceTree = "<group>"; };
		1DD3A2282A2BBB96008E4C70 /* EventsCollectionViewCell.xib */ = {isa = PBXFileReference; lastKnownFileType = file.xib; path = EventsCollectionViewCell.xib; sourceTree = "<group>"; };
		1DD3A22E2A2BBEAD008E4C70 /* SportsTableViewCell+CollectionView.swift */ = {isa = PBXFileReference; lastKnownFileType = sourcecode.swift; path = "SportsTableViewCell+CollectionView.swift"; sourceTree = "<group>"; };
		24AF87D749453ACE3EE596CE /* Pods-KaizenGamingAssignment-KaizenGamingAssignmentUITests.debug.xcconfig */ = {isa = PBXFileReference; includeInIndex = 1; lastKnownFileType = text.xcconfig; name = "Pods-KaizenGamingAssignment-KaizenGamingAssignmentUITests.debug.xcconfig"; path = "Target Support Files/Pods-KaizenGamingAssignment-KaizenGamingAssignmentUITests/Pods-KaizenGamingAssignment-KaizenGamingAssignmentUITests.debug.xcconfig"; sourceTree = "<group>"; };
		25161C8189B84DE8D929A634 /* Pods-KaizenGamingAssignmentTests.debug.xcconfig */ = {isa = PBXFileReference; includeInIndex = 1; lastKnownFileType = text.xcconfig; name = "Pods-KaizenGamingAssignmentTests.debug.xcconfig"; path = "Target Support Files/Pods-KaizenGamingAssignmentTests/Pods-KaizenGamingAssignmentTests.debug.xcconfig"; sourceTree = "<group>"; };
		49F6B0250AD16B5E1407D68D /* Pods-KaizenGamingAssignment-KaizenGamingAssignmentUITests.release.xcconfig */ = {isa = PBXFileReference; includeInIndex = 1; lastKnownFileType = text.xcconfig; name = "Pods-KaizenGamingAssignment-KaizenGamingAssignmentUITests.release.xcconfig"; path = "Target Support Files/Pods-KaizenGamingAssignment-KaizenGamingAssignmentUITests/Pods-KaizenGamingAssignment-KaizenGamingAssignmentUITests.release.xcconfig"; sourceTree = "<group>"; };
		7FF09D3B596A151AA99CADB8 /* Pods_KaizenGamingAssignment_KaizenGamingAssignmentUITests.framework */ = {isa = PBXFileReference; explicitFileType = wrapper.framework; includeInIndex = 0; path = Pods_KaizenGamingAssignment_KaizenGamingAssignmentUITests.framework; sourceTree = BUILT_PRODUCTS_DIR; };
		82621C7103CB84A1C787F6C3 /* Pods-KaizenGamingAssignment.debug.xcconfig */ = {isa = PBXFileReference; includeInIndex = 1; lastKnownFileType = text.xcconfig; name = "Pods-KaizenGamingAssignment.debug.xcconfig"; path = "Target Support Files/Pods-KaizenGamingAssignment/Pods-KaizenGamingAssignment.debug.xcconfig"; sourceTree = "<group>"; };
		9AD4F6ABF36D6C539B1BCA99 /* Pods_KaizenGamingAssignmentTests.framework */ = {isa = PBXFileReference; explicitFileType = wrapper.framework; includeInIndex = 0; path = Pods_KaizenGamingAssignmentTests.framework; sourceTree = BUILT_PRODUCTS_DIR; };
		BFEF1A859F5DC82B0AE856EF /* Pods_KaizenGamingAssignment.framework */ = {isa = PBXFileReference; explicitFileType = wrapper.framework; includeInIndex = 0; path = Pods_KaizenGamingAssignment.framework; sourceTree = BUILT_PRODUCTS_DIR; };
		DE0926792B74BC140B12078D /* Pods-KaizenGamingAssignmentTests.release.xcconfig */ = {isa = PBXFileReference; includeInIndex = 1; lastKnownFileType = text.xcconfig; name = "Pods-KaizenGamingAssignmentTests.release.xcconfig"; path = "Target Support Files/Pods-KaizenGamingAssignmentTests/Pods-KaizenGamingAssignmentTests.release.xcconfig"; sourceTree = "<group>"; };
		E87B78C5C28F0ABBB4C3BF70 /* Pods-KaizenGamingAssignment.release.xcconfig */ = {isa = PBXFileReference; includeInIndex = 1; lastKnownFileType = text.xcconfig; name = "Pods-KaizenGamingAssignment.release.xcconfig"; path = "Target Support Files/Pods-KaizenGamingAssignment/Pods-KaizenGamingAssignment.release.xcconfig"; sourceTree = "<group>"; };
/* End PBXFileReference section */

/* Begin PBXFrameworksBuildPhase section */
		1D46AB552A28AE0C007C2710 /* Frameworks */ = {
			isa = PBXFrameworksBuildPhase;
			buildActionMask = 2147483647;
			files = (
				23008920C4280888853E6012 /* Pods_KaizenGamingAssignment.framework in Frameworks */,
			);
			runOnlyForDeploymentPostprocessing = 0;
		};
		1D46AB6B2A28AE13007C2710 /* Frameworks */ = {
			isa = PBXFrameworksBuildPhase;
			buildActionMask = 2147483647;
			files = (
				8B38CFE0886D68C59F6BC8A0 /* Pods_KaizenGamingAssignmentTests.framework in Frameworks */,
			);
			runOnlyForDeploymentPostprocessing = 0;
		};
		1D46AB752A28AE13007C2710 /* Frameworks */ = {
			isa = PBXFrameworksBuildPhase;
			buildActionMask = 2147483647;
			files = (
				AAE4F77CF9FFBC6E413EBAE0 /* Pods_KaizenGamingAssignment_KaizenGamingAssignmentUITests.framework in Frameworks */,
			);
			runOnlyForDeploymentPostprocessing = 0;
		};
/* End PBXFrameworksBuildPhase section */

/* Begin PBXGroup section */
		1D41BE0F2A2A68D500FF8CCC /* SportsTableView */ = {
			isa = PBXGroup;
			children = (
				1D58FF802A2BB5D00020E96A /* TableViewCell */,
				1D58FF812A2BB5E70020E96A /* TableViewSectionHeader */,
			);
			path = SportsTableView;
			sourceTree = "<group>";
		};
		1D46AB4F2A28AE0C007C2710 = {
			isa = PBXGroup;
			children = (
				1D46AB5A2A28AE0C007C2710 /* KaizenGamingAssignment */,
				1D46AB712A28AE13007C2710 /* KaizenGamingAssignmentTests */,
				1D46AB7B2A28AE13007C2710 /* KaizenGamingAssignmentUITests */,
				1D46AB592A28AE0C007C2710 /* Products */,
				30C8B13B5A4D100283ED29A7 /* Pods */,
				5FD85A2CABC2286A222B2974 /* Frameworks */,
			);
			sourceTree = "<group>";
		};
		1D46AB592A28AE0C007C2710 /* Products */ = {
			isa = PBXGroup;
			children = (
				1D46AB582A28AE0C007C2710 /* KaizenGamingAssignment.app */,
				1D46AB6E2A28AE13007C2710 /* KaizenGamingAssignmentTests.xctest */,
				1D46AB782A28AE13007C2710 /* KaizenGamingAssignmentUITests.xctest */,
			);
			name = Products;
			sourceTree = "<group>";
		};
		1D46AB5A2A28AE0C007C2710 /* KaizenGamingAssignment */ = {
			isa = PBXGroup;
			children = (
				1D46AB8F2A2A0CAB007C2710 /* Views */,
				1D46AB8E2A2A0C9C007C2710 /* ViewModels */,
				1D46AB8D2A2A0C92007C2710 /* Models */,
				1D46AB8C2A2A0AF0007C2710 /* Assets */,
				1D46AB8B2A2A0AE5007C2710 /* Networking */,
				1D46AB5B2A28AE0C007C2710 /* AppDelegate.swift */,
				1D46AB922A2A1312007C2710 /* SceneDelegate.swift */,
				1D46AB692A28AE12007C2710 /* Info.plist */,
				1D6FFC6F2A2C9A8E000E2D43 /* Podfile */,
			);
			path = KaizenGamingAssignment;
			sourceTree = "<group>";
		};
		1D46AB712A28AE13007C2710 /* KaizenGamingAssignmentTests */ = {
			isa = PBXGroup;
			children = (
				1D46AB722A28AE13007C2710 /* KaizenGamingAssignmentTests.swift */,
			);
			path = KaizenGamingAssignmentTests;
			sourceTree = "<group>";
		};
		1D46AB7B2A28AE13007C2710 /* KaizenGamingAssignmentUITests */ = {
			isa = PBXGroup;
			children = (
				1D46AB7C2A28AE13007C2710 /* KaizenGamingAssignmentUITests.swift */,
				1D46AB7E2A28AE13007C2710 /* KaizenGamingAssignmentUITestsLaunchTests.swift */,
			);
			path = KaizenGamingAssignmentUITests;
			sourceTree = "<group>";
		};
		1D46AB8B2A2A0AE5007C2710 /* Networking */ = {
			isa = PBXGroup;
			children = (
				1D6FFC712A2C9B26000E2D43 /* NetoworManager.swift */,
			);
			path = Networking;
			sourceTree = "<group>";
		};
		1D46AB8C2A2A0AF0007C2710 /* Assets */ = {
			isa = PBXGroup;
			children = (
				1D46AB642A28AE12007C2710 /* Assets.xcassets */,
			);
			path = Assets;
			sourceTree = "<group>";
		};
		1D46AB8D2A2A0C92007C2710 /* Models */ = {
			isa = PBXGroup;
			children = (
				1D6FFC732A2CCE32000E2D43 /* Sport.swift */,
				1D6FFC752A2CCF4C000E2D43 /* Event.swift */,
			);
			path = Models;
			sourceTree = "<group>";
		};
		1D46AB8E2A2A0C9C007C2710 /* ViewModels */ = {
			isa = PBXGroup;
			children = (
				1D58FF7E2A2B7DD40020E96A /* SportsViewModel.swift */,
			);
			path = ViewModels;
			sourceTree = "<group>";
		};
		1D46AB8F2A2A0CAB007C2710 /* Views */ = {
			isa = PBXGroup;
			children = (
				1DD3A2262A2BBB5F008E4C70 /* EventsCollectionView */,
				1D41BE0F2A2A68D500FF8CCC /* SportsTableView */,
				1D46AB912A2A0D50007C2710 /* LaunchScreen */,
				1D46AB902A2A0D44007C2710 /* MainView */,
			);
			path = Views;
			sourceTree = "<group>";
		};
		1D46AB902A2A0D44007C2710 /* MainView */ = {
			isa = PBXGroup;
			children = (
				1D46AB612A28AE0C007C2710 /* Main.storyboard */,
				1D46AB5F2A28AE0C007C2710 /* MainViewController.swift */,
			);
			path = MainView;
			sourceTree = "<group>";
		};
		1D46AB912A2A0D50007C2710 /* LaunchScreen */ = {
			isa = PBXGroup;
			children = (
				1D46AB662A28AE12007C2710 /* LaunchScreen.storyboard */,
			);
			path = LaunchScreen;
			sourceTree = "<group>";
		};
		1D58FF802A2BB5D00020E96A /* TableViewCell */ = {
			isa = PBXGroup;
			children = (
				1D41BE102A2A692800FF8CCC /* SportsTableViewCell.swift */,
				1D41BE112A2A692800FF8CCC /* SportsTableViewCell.xib */,
				1DD3A22E2A2BBEAD008E4C70 /* SportsTableViewCell+CollectionView.swift */,
			);
			path = TableViewCell;
			sourceTree = "<group>";
		};
		1D58FF812A2BB5E70020E96A /* TableViewSectionHeader */ = {
			isa = PBXGroup;
			children = (
				1D58FF7A2A2B4C650020E96A /* HeaderUIView.swift */,
				1D58FF7C2A2B4C790020E96A /* HeaderUIView.xib */,
			);
			path = TableViewSectionHeader;
			sourceTree = "<group>";
		};
		1DD3A2262A2BBB5F008E4C70 /* EventsCollectionView */ = {
			isa = PBXGroup;
			children = (
				1DD3A22B2A2BBD01008E4C70 /* CollectionViewCell */,
			);
			path = EventsCollectionView;
			sourceTree = "<group>";
		};
		1DD3A22B2A2BBD01008E4C70 /* CollectionViewCell */ = {
			isa = PBXGroup;
			children = (
				1DD3A2272A2BBB96008E4C70 /* EventsCollectionViewCell.swift */,
				1DD3A2282A2BBB96008E4C70 /* EventsCollectionViewCell.xib */,
			);
			path = CollectionViewCell;
			sourceTree = "<group>";
		};
		30C8B13B5A4D100283ED29A7 /* Pods */ = {
			isa = PBXGroup;
			children = (
				82621C7103CB84A1C787F6C3 /* Pods-KaizenGamingAssignment.debug.xcconfig */,
				E87B78C5C28F0ABBB4C3BF70 /* Pods-KaizenGamingAssignment.release.xcconfig */,
				24AF87D749453ACE3EE596CE /* Pods-KaizenGamingAssignment-KaizenGamingAssignmentUITests.debug.xcconfig */,
				49F6B0250AD16B5E1407D68D /* Pods-KaizenGamingAssignment-KaizenGamingAssignmentUITests.release.xcconfig */,
				25161C8189B84DE8D929A634 /* Pods-KaizenGamingAssignmentTests.debug.xcconfig */,
				DE0926792B74BC140B12078D /* Pods-KaizenGamingAssignmentTests.release.xcconfig */,
			);
			path = Pods;
			sourceTree = "<group>";
		};
		5FD85A2CABC2286A222B2974 /* Frameworks */ = {
			isa = PBXGroup;
			children = (
				BFEF1A859F5DC82B0AE856EF /* Pods_KaizenGamingAssignment.framework */,
				7FF09D3B596A151AA99CADB8 /* Pods_KaizenGamingAssignment_KaizenGamingAssignmentUITests.framework */,
				9AD4F6ABF36D6C539B1BCA99 /* Pods_KaizenGamingAssignmentTests.framework */,
			);
			name = Frameworks;
			sourceTree = "<group>";
		};
/* End PBXGroup section */

/* Begin PBXNativeTarget section */
		1D46AB572A28AE0C007C2710 /* KaizenGamingAssignment */ = {
			isa = PBXNativeTarget;
			buildConfigurationList = 1D46AB822A28AE13007C2710 /* Build configuration list for PBXNativeTarget "KaizenGamingAssignment" */;
			buildPhases = (
				14657CEBF073935036DB245E /* [CP] Check Pods Manifest.lock */,
				1D46AB542A28AE0C007C2710 /* Sources */,
				1D46AB552A28AE0C007C2710 /* Frameworks */,
				1D46AB562A28AE0C007C2710 /* Resources */,
				6CA77CF3B12209FA2F6D9F81 /* [CP] Embed Pods Frameworks */,
			);
			buildRules = (
			);
			dependencies = (
			);
			name = KaizenGamingAssignment;
			productName = KaizenGamingAssignment;
			productReference = 1D46AB582A28AE0C007C2710 /* KaizenGamingAssignment.app */;
			productType = "com.apple.product-type.application";
		};
		1D46AB6D2A28AE13007C2710 /* KaizenGamingAssignmentTests */ = {
			isa = PBXNativeTarget;
			buildConfigurationList = 1D46AB852A28AE13007C2710 /* Build configuration list for PBXNativeTarget "KaizenGamingAssignmentTests" */;
			buildPhases = (
				2822B8CCE55601B3402AE34F /* [CP] Check Pods Manifest.lock */,
				1D46AB6A2A28AE13007C2710 /* Sources */,
				1D46AB6B2A28AE13007C2710 /* Frameworks */,
				1D46AB6C2A28AE13007C2710 /* Resources */,
			);
			buildRules = (
			);
			dependencies = (
				1D46AB702A28AE13007C2710 /* PBXTargetDependency */,
			);
			name = KaizenGamingAssignmentTests;
			productName = KaizenGamingAssignmentTests;
			productReference = 1D46AB6E2A28AE13007C2710 /* KaizenGamingAssignmentTests.xctest */;
			productType = "com.apple.product-type.bundle.unit-test";
		};
		1D46AB772A28AE13007C2710 /* KaizenGamingAssignmentUITests */ = {
			isa = PBXNativeTarget;
			buildConfigurationList = 1D46AB882A28AE13007C2710 /* Build configuration list for PBXNativeTarget "KaizenGamingAssignmentUITests" */;
			buildPhases = (
				C15FBCD916BFC26238C731AF /* [CP] Check Pods Manifest.lock */,
				1D46AB742A28AE13007C2710 /* Sources */,
				1D46AB752A28AE13007C2710 /* Frameworks */,
				1D46AB762A28AE13007C2710 /* Resources */,
				11D4FF986DF66488AE125115 /* [CP] Embed Pods Frameworks */,
			);
			buildRules = (
			);
			dependencies = (
				1D46AB7A2A28AE13007C2710 /* PBXTargetDependency */,
			);
			name = KaizenGamingAssignmentUITests;
			productName = KaizenGamingAssignmentUITests;
			productReference = 1D46AB782A28AE13007C2710 /* KaizenGamingAssignmentUITests.xctest */;
			productType = "com.apple.product-type.bundle.ui-testing";
		};
/* End PBXNativeTarget section */

/* Begin PBXProject section */
		1D46AB502A28AE0C007C2710 /* Project object */ = {
			isa = PBXProject;
			attributes = {
				BuildIndependentTargetsInParallel = 1;
				LastSwiftUpdateCheck = 1320;
				LastUpgradeCheck = 1320;
				TargetAttributes = {
					1D46AB572A28AE0C007C2710 = {
						CreatedOnToolsVersion = 13.2.1;
					};
					1D46AB6D2A28AE13007C2710 = {
						CreatedOnToolsVersion = 13.2.1;
						TestTargetID = 1D46AB572A28AE0C007C2710;
					};
					1D46AB772A28AE13007C2710 = {
						CreatedOnToolsVersion = 13.2.1;
						TestTargetID = 1D46AB572A28AE0C007C2710;
					};
				};
			};
			buildConfigurationList = 1D46AB532A28AE0C007C2710 /* Build configuration list for PBXProject "KaizenGamingAssignment" */;
			compatibilityVersion = "Xcode 13.0";
			developmentRegion = en;
			hasScannedForEncodings = 0;
			knownRegions = (
				en,
				Base,
			);
			mainGroup = 1D46AB4F2A28AE0C007C2710;
			productRefGroup = 1D46AB592A28AE0C007C2710 /* Products */;
			projectDirPath = "";
			projectRoot = "";
			targets = (
				1D46AB572A28AE0C007C2710 /* KaizenGamingAssignment */,
				1D46AB6D2A28AE13007C2710 /* KaizenGamingAssignmentTests */,
				1D46AB772A28AE13007C2710 /* KaizenGamingAssignmentUITests */,
			);
		};
/* End PBXProject section */

/* Begin PBXResourcesBuildPhase section */
		1D46AB562A28AE0C007C2710 /* Resources */ = {
			isa = PBXResourcesBuildPhase;
			buildActionMask = 2147483647;
			files = (
				1D46AB682A28AE12007C2710 /* LaunchScreen.storyboard in Resources */,
				1DD3A22A2A2BBB96008E4C70 /* EventsCollectionViewCell.xib in Resources */,
				1D58FF7D2A2B4C790020E96A /* HeaderUIView.xib in Resources */,
				1D46AB652A28AE12007C2710 /* Assets.xcassets in Resources */,
				1D41BE132A2A692800FF8CCC /* SportsTableViewCell.xib in Resources */,
				1D6FFC702A2C9A8E000E2D43 /* Podfile in Resources */,
				1D46AB632A28AE0C007C2710 /* Main.storyboard in Resources */,
			);
			runOnlyForDeploymentPostprocessing = 0;
		};
		1D46AB6C2A28AE13007C2710 /* Resources */ = {
			isa = PBXResourcesBuildPhase;
			buildActionMask = 2147483647;
			files = (
			);
			runOnlyForDeploymentPostprocessing = 0;
		};
		1D46AB762A28AE13007C2710 /* Resources */ = {
			isa = PBXResourcesBuildPhase;
			buildActionMask = 2147483647;
			files = (
			);
			runOnlyForDeploymentPostprocessing = 0;
		};
/* End PBXResourcesBuildPhase section */

/* Begin PBXShellScriptBuildPhase section */
		11D4FF986DF66488AE125115 /* [CP] Embed Pods Frameworks */ = {
			isa = PBXShellScriptBuildPhase;
			buildActionMask = 2147483647;
			files = (
			);
			inputFileListPaths = (
				"${PODS_ROOT}/Target Support Files/Pods-KaizenGamingAssignment-KaizenGamingAssignmentUITests/Pods-KaizenGamingAssignment-KaizenGamingAssignmentUITests-frameworks-${CONFIGURATION}-input-files.xcfilelist",
			);
			name = "[CP] Embed Pods Frameworks";
			outputFileListPaths = (
				"${PODS_ROOT}/Target Support Files/Pods-KaizenGamingAssignment-KaizenGamingAssignmentUITests/Pods-KaizenGamingAssignment-KaizenGamingAssignmentUITests-frameworks-${CONFIGURATION}-output-files.xcfilelist",
			);
			runOnlyForDeploymentPostprocessing = 0;
			shellPath = /bin/sh;
			shellScript = "\"${PODS_ROOT}/Target Support Files/Pods-KaizenGamingAssignment-KaizenGamingAssignmentUITests/Pods-KaizenGamingAssignment-KaizenGamingAssignmentUITests-frameworks.sh\"\n";
			showEnvVarsInLog = 0;
		};
		14657CEBF073935036DB245E /* [CP] Check Pods Manifest.lock */ = {
			isa = PBXShellScriptBuildPhase;
			buildActionMask = 2147483647;
			files = (
			);
			inputFileListPaths = (
			);
			inputPaths = (
				"${PODS_PODFILE_DIR_PATH}/Podfile.lock",
				"${PODS_ROOT}/Manifest.lock",
			);
			name = "[CP] Check Pods Manifest.lock";
			outputFileListPaths = (
			);
			outputPaths = (
				"$(DERIVED_FILE_DIR)/Pods-KaizenGamingAssignment-checkManifestLockResult.txt",
			);
			runOnlyForDeploymentPostprocessing = 0;
			shellPath = /bin/sh;
			shellScript = "diff \"${PODS_PODFILE_DIR_PATH}/Podfile.lock\" \"${PODS_ROOT}/Manifest.lock\" > /dev/null\nif [ $? != 0 ] ; then\n    # print error to STDERR\n    echo \"error: The sandbox is not in sync with the Podfile.lock. Run 'pod install' or update your CocoaPods installation.\" >&2\n    exit 1\nfi\n# This output is used by Xcode 'outputs' to avoid re-running this script phase.\necho \"SUCCESS\" > \"${SCRIPT_OUTPUT_FILE_0}\"\n";
			showEnvVarsInLog = 0;
		};
		2822B8CCE55601B3402AE34F /* [CP] Check Pods Manifest.lock */ = {
			isa = PBXShellScriptBuildPhase;
			buildActionMask = 2147483647;
			files = (
			);
			inputFileListPaths = (
			);
			inputPaths = (
				"${PODS_PODFILE_DIR_PATH}/Podfile.lock",
				"${PODS_ROOT}/Manifest.lock",
			);
			name = "[CP] Check Pods Manifest.lock";
			outputFileListPaths = (
			);
			outputPaths = (
				"$(DERIVED_FILE_DIR)/Pods-KaizenGamingAssignmentTests-checkManifestLockResult.txt",
			);
			runOnlyForDeploymentPostprocessing = 0;
			shellPath = /bin/sh;
			shellScript = "diff \"${PODS_PODFILE_DIR_PATH}/Podfile.lock\" \"${PODS_ROOT}/Manifest.lock\" > /dev/null\nif [ $? != 0 ] ; then\n    # print error to STDERR\n    echo \"error: The sandbox is not in sync with the Podfile.lock. Run 'pod install' or update your CocoaPods installation.\" >&2\n    exit 1\nfi\n# This output is used by Xcode 'outputs' to avoid re-running this script phase.\necho \"SUCCESS\" > \"${SCRIPT_OUTPUT_FILE_0}\"\n";
			showEnvVarsInLog = 0;
		};
		6CA77CF3B12209FA2F6D9F81 /* [CP] Embed Pods Frameworks */ = {
			isa = PBXShellScriptBuildPhase;
			buildActionMask = 2147483647;
			files = (
			);
			inputFileListPaths = (
				"${PODS_ROOT}/Target Support Files/Pods-KaizenGamingAssignment/Pods-KaizenGamingAssignment-frameworks-${CONFIGURATION}-input-files.xcfilelist",
			);
			name = "[CP] Embed Pods Frameworks";
			outputFileListPaths = (
				"${PODS_ROOT}/Target Support Files/Pods-KaizenGamingAssignment/Pods-KaizenGamingAssignment-frameworks-${CONFIGURATION}-output-files.xcfilelist",
			);
			runOnlyForDeploymentPostprocessing = 0;
			shellPath = /bin/sh;
			shellScript = "\"${PODS_ROOT}/Target Support Files/Pods-KaizenGamingAssignment/Pods-KaizenGamingAssignment-frameworks.sh\"\n";
			showEnvVarsInLog = 0;
		};
		C15FBCD916BFC26238C731AF /* [CP] Check Pods Manifest.lock */ = {
			isa = PBXShellScriptBuildPhase;
			buildActionMask = 2147483647;
			files = (
			);
			inputFileListPaths = (
			);
			inputPaths = (
				"${PODS_PODFILE_DIR_PATH}/Podfile.lock",
				"${PODS_ROOT}/Manifest.lock",
			);
			name = "[CP] Check Pods Manifest.lock";
			outputFileListPaths = (
			);
			outputPaths = (
				"$(DERIVED_FILE_DIR)/Pods-KaizenGamingAssignment-KaizenGamingAssignmentUITests-checkManifestLockResult.txt",
			);
			runOnlyForDeploymentPostprocessing = 0;
			shellPath = /bin/sh;
			shellScript = "diff \"${PODS_PODFILE_DIR_PATH}/Podfile.lock\" \"${PODS_ROOT}/Manifest.lock\" > /dev/null\nif [ $? != 0 ] ; then\n    # print error to STDERR\n    echo \"error: The sandbox is not in sync with the Podfile.lock. Run 'pod install' or update your CocoaPods installation.\" >&2\n    exit 1\nfi\n# This output is used by Xcode 'outputs' to avoid re-running this script phase.\necho \"SUCCESS\" > \"${SCRIPT_OUTPUT_FILE_0}\"\n";
			showEnvVarsInLog = 0;
		};
/* End PBXShellScriptBuildPhase section */

/* Begin PBXSourcesBuildPhase section */
		1D46AB542A28AE0C007C2710 /* Sources */ = {
			isa = PBXSourcesBuildPhase;
			buildActionMask = 2147483647;
			files = (
				1D6FFC742A2CCE32000E2D43 /* Sport.swift in Sources */,
				1D6FFC762A2CCF4C000E2D43 /* Event.swift in Sources */,
				1D58FF7F2A2B7DD40020E96A /* SportsViewModel.swift in Sources */,
				1D46AB602A28AE0C007C2710 /* MainViewController.swift in Sources */,
				1D46AB5C2A28AE0C007C2710 /* AppDelegate.swift in Sources */,
				1DD3A22F2A2BBEAD008E4C70 /* SportsTableViewCell+CollectionView.swift in Sources */,
				1D41BE122A2A692800FF8CCC /* SportsTableViewCell.swift in Sources */,
				1DD3A2292A2BBB96008E4C70 /* EventsCollectionViewCell.swift in Sources */,
				1D46AB932A2A1312007C2710 /* SceneDelegate.swift in Sources */,
				1D58FF7B2A2B4C650020E96A /* HeaderUIView.swift in Sources */,
				1D6FFC722A2C9B26000E2D43 /* NetoworManager.swift in Sources */,
			);
			runOnlyForDeploymentPostprocessing = 0;
		};
		1D46AB6A2A28AE13007C2710 /* Sources */ = {
			isa = PBXSourcesBuildPhase;
			buildActionMask = 2147483647;
			files = (
				1D46AB732A28AE13007C2710 /* KaizenGamingAssignmentTests.swift in Sources */,
			);
			runOnlyForDeploymentPostprocessing = 0;
		};
		1D46AB742A28AE13007C2710 /* Sources */ = {
			isa = PBXSourcesBuildPhase;
			buildActionMask = 2147483647;
			files = (
				1D46AB7F2A28AE13007C2710 /* KaizenGamingAssignmentUITestsLaunchTests.swift in Sources */,
				1D46AB7D2A28AE13007C2710 /* KaizenGamingAssignmentUITests.swift in Sources */,
			);
			runOnlyForDeploymentPostprocessing = 0;
		};
/* End PBXSourcesBuildPhase section */

/* Begin PBXTargetDependency section */
		1D46AB702A28AE13007C2710 /* PBXTargetDependency */ = {
			isa = PBXTargetDependency;
			target = 1D46AB572A28AE0C007C2710 /* KaizenGamingAssignment */;
			targetProxy = 1D46AB6F2A28AE13007C2710 /* PBXContainerItemProxy */;
		};
		1D46AB7A2A28AE13007C2710 /* PBXTargetDependency */ = {
			isa = PBXTargetDependency;
			target = 1D46AB572A28AE0C007C2710 /* KaizenGamingAssignment */;
			targetProxy = 1D46AB792A28AE13007C2710 /* PBXContainerItemProxy */;
		};
/* End PBXTargetDependency section */

/* Begin PBXVariantGroup section */
		1D46AB612A28AE0C007C2710 /* Main.storyboard */ = {
			isa = PBXVariantGroup;
			children = (
				1D46AB622A28AE0C007C2710 /* Base */,
			);
			name = Main.storyboard;
			sourceTree = "<group>";
		};
		1D46AB662A28AE12007C2710 /* LaunchScreen.storyboard */ = {
			isa = PBXVariantGroup;
			children = (
				1D46AB672A28AE12007C2710 /* Base */,
			);
			name = LaunchScreen.storyboard;
			sourceTree = "<group>";
		};
/* End PBXVariantGroup section */

/* Begin XCBuildConfiguration section */
		1D46AB802A28AE13007C2710 /* Debug */ = {
			isa = XCBuildConfiguration;
			buildSettings = {
				ALWAYS_SEARCH_USER_PATHS = NO;
				CLANG_ANALYZER_NONNULL = YES;
				CLANG_ANALYZER_NUMBER_OBJECT_CONVERSION = YES_AGGRESSIVE;
				CLANG_CXX_LANGUAGE_STANDARD = "gnu++17";
				CLANG_CXX_LIBRARY = "libc++";
				CLANG_ENABLE_MODULES = YES;
				CLANG_ENABLE_OBJC_ARC = YES;
				CLANG_ENABLE_OBJC_WEAK = YES;
				CLANG_WARN_BLOCK_CAPTURE_AUTORELEASING = YES;
				CLANG_WARN_BOOL_CONVERSION = YES;
				CLANG_WARN_COMMA = YES;
				CLANG_WARN_CONSTANT_CONVERSION = YES;
				CLANG_WARN_DEPRECATED_OBJC_IMPLEMENTATIONS = YES;
				CLANG_WARN_DIRECT_OBJC_ISA_USAGE = YES_ERROR;
				CLANG_WARN_DOCUMENTATION_COMMENTS = YES;
				CLANG_WARN_EMPTY_BODY = YES;
				CLANG_WARN_ENUM_CONVERSION = YES;
				CLANG_WARN_INFINITE_RECURSION = YES;
				CLANG_WARN_INT_CONVERSION = YES;
				CLANG_WARN_NON_LITERAL_NULL_CONVERSION = YES;
				CLANG_WARN_OBJC_IMPLICIT_RETAIN_SELF = YES;
				CLANG_WARN_OBJC_LITERAL_CONVERSION = YES;
				CLANG_WARN_OBJC_ROOT_CLASS = YES_ERROR;
				CLANG_WARN_QUOTED_INCLUDE_IN_FRAMEWORK_HEADER = YES;
				CLANG_WARN_RANGE_LOOP_ANALYSIS = YES;
				CLANG_WARN_STRICT_PROTOTYPES = YES;
				CLANG_WARN_SUSPICIOUS_MOVE = YES;
				CLANG_WARN_UNGUARDED_AVAILABILITY = YES_AGGRESSIVE;
				CLANG_WARN_UNREACHABLE_CODE = YES;
				CLANG_WARN__DUPLICATE_METHOD_MATCH = YES;
				COPY_PHASE_STRIP = NO;
				DEBUG_INFORMATION_FORMAT = dwarf;
				ENABLE_STRICT_OBJC_MSGSEND = YES;
				ENABLE_TESTABILITY = YES;
				GCC_C_LANGUAGE_STANDARD = gnu11;
				GCC_DYNAMIC_NO_PIC = NO;
				GCC_NO_COMMON_BLOCKS = YES;
				GCC_OPTIMIZATION_LEVEL = 0;
				GCC_PREPROCESSOR_DEFINITIONS = (
					"DEBUG=1",
					"$(inherited)",
				);
				GCC_WARN_64_TO_32_BIT_CONVERSION = YES;
				GCC_WARN_ABOUT_RETURN_TYPE = YES_ERROR;
				GCC_WARN_UNDECLARED_SELECTOR = YES;
				GCC_WARN_UNINITIALIZED_AUTOS = YES_AGGRESSIVE;
				GCC_WARN_UNUSED_FUNCTION = YES;
				GCC_WARN_UNUSED_VARIABLE = YES;
				IPHONEOS_DEPLOYMENT_TARGET = 15.2;
				MTL_ENABLE_DEBUG_INFO = INCLUDE_SOURCE;
				MTL_FAST_MATH = YES;
				ONLY_ACTIVE_ARCH = YES;
				SDKROOT = iphoneos;
				SWIFT_ACTIVE_COMPILATION_CONDITIONS = DEBUG;
				SWIFT_OPTIMIZATION_LEVEL = "-Onone";
			};
			name = Debug;
		};
		1D46AB812A28AE13007C2710 /* Release */ = {
			isa = XCBuildConfiguration;
			buildSettings = {
				ALWAYS_SEARCH_USER_PATHS = NO;
				CLANG_ANALYZER_NONNULL = YES;
				CLANG_ANALYZER_NUMBER_OBJECT_CONVERSION = YES_AGGRESSIVE;
				CLANG_CXX_LANGUAGE_STANDARD = "gnu++17";
				CLANG_CXX_LIBRARY = "libc++";
				CLANG_ENABLE_MODULES = YES;
				CLANG_ENABLE_OBJC_ARC = YES;
				CLANG_ENABLE_OBJC_WEAK = YES;
				CLANG_WARN_BLOCK_CAPTURE_AUTORELEASING = YES;
				CLANG_WARN_BOOL_CONVERSION = YES;
				CLANG_WARN_COMMA = YES;
				CLANG_WARN_CONSTANT_CONVERSION = YES;
				CLANG_WARN_DEPRECATED_OBJC_IMPLEMENTATIONS = YES;
				CLANG_WARN_DIRECT_OBJC_ISA_USAGE = YES_ERROR;
				CLANG_WARN_DOCUMENTATION_COMMENTS = YES;
				CLANG_WARN_EMPTY_BODY = YES;
				CLANG_WARN_ENUM_CONVERSION = YES;
				CLANG_WARN_INFINITE_RECURSION = YES;
				CLANG_WARN_INT_CONVERSION = YES;
				CLANG_WARN_NON_LITERAL_NULL_CONVERSION = YES;
				CLANG_WARN_OBJC_IMPLICIT_RETAIN_SELF = YES;
				CLANG_WARN_OBJC_LITERAL_CONVERSION = YES;
				CLANG_WARN_OBJC_ROOT_CLASS = YES_ERROR;
				CLANG_WARN_QUOTED_INCLUDE_IN_FRAMEWORK_HEADER = YES;
				CLANG_WARN_RANGE_LOOP_ANALYSIS = YES;
				CLANG_WARN_STRICT_PROTOTYPES = YES;
				CLANG_WARN_SUSPICIOUS_MOVE = YES;
				CLANG_WARN_UNGUARDED_AVAILABILITY = YES_AGGRESSIVE;
				CLANG_WARN_UNREACHABLE_CODE = YES;
				CLANG_WARN__DUPLICATE_METHOD_MATCH = YES;
				COPY_PHASE_STRIP = NO;
				DEBUG_INFORMATION_FORMAT = "dwarf-with-dsym";
				ENABLE_NS_ASSERTIONS = NO;
				ENABLE_STRICT_OBJC_MSGSEND = YES;
				GCC_C_LANGUAGE_STANDARD = gnu11;
				GCC_NO_COMMON_BLOCKS = YES;
				GCC_WARN_64_TO_32_BIT_CONVERSION = YES;
				GCC_WARN_ABOUT_RETURN_TYPE = YES_ERROR;
				GCC_WARN_UNDECLARED_SELECTOR = YES;
				GCC_WARN_UNINITIALIZED_AUTOS = YES_AGGRESSIVE;
				GCC_WARN_UNUSED_FUNCTION = YES;
				GCC_WARN_UNUSED_VARIABLE = YES;
				IPHONEOS_DEPLOYMENT_TARGET = 15.2;
				MTL_ENABLE_DEBUG_INFO = NO;
				MTL_FAST_MATH = YES;
				SDKROOT = iphoneos;
				SWIFT_COMPILATION_MODE = wholemodule;
				SWIFT_OPTIMIZATION_LEVEL = "-O";
				VALIDATE_PRODUCT = YES;
			};
			name = Release;
		};
		1D46AB832A28AE13007C2710 /* Debug */ = {
			isa = XCBuildConfiguration;
			baseConfigurationReference = 82621C7103CB84A1C787F6C3 /* Pods-KaizenGamingAssignment.debug.xcconfig */;
			buildSettings = {
				ASSETCATALOG_COMPILER_APPICON_NAME = AppIcon;
				ASSETCATALOG_COMPILER_GLOBAL_ACCENT_COLOR_NAME = AccentColor;
				CODE_SIGN_STYLE = Automatic;
				CURRENT_PROJECT_VERSION = 1;
				DEVELOPMENT_TEAM = NW97XP3FY6;
				GENERATE_INFOPLIST_FILE = YES;
				INFOPLIST_FILE = KaizenGamingAssignment/Info.plist;
				INFOPLIST_KEY_UIApplicationSupportsIndirectInputEvents = YES;
				INFOPLIST_KEY_UILaunchStoryboardName = LaunchScreen;
				INFOPLIST_KEY_UIMainStoryboardFile = Main;
				INFOPLIST_KEY_UIStatusBarHidden = YES;
				INFOPLIST_KEY_UISupportedInterfaceOrientations = UIInterfaceOrientationPortrait;
				INFOPLIST_KEY_UISupportedInterfaceOrientations_iPad = "UIInterfaceOrientationPortrait UIInterfaceOrientationPortraitUpsideDown UIInterfaceOrientationLandscapeLeft UIInterfaceOrientationLandscapeRight";
				INFOPLIST_KEY_UISupportedInterfaceOrientations_iPhone = "UIInterfaceOrientationPortrait UIInterfaceOrientationLandscapeLeft UIInterfaceOrientationLandscapeRight";
				IPHONEOS_DEPLOYMENT_TARGET = 12.0;
				LD_RUNPATH_SEARCH_PATHS = (
					"$(inherited)",
					"@executable_path/Frameworks",
				);
				MARKETING_VERSION = 1.0;
				PRODUCT_BUNDLE_IDENTIFIER = com.kaizen.KaizenGamingAssignment;
				PRODUCT_NAME = "$(TARGET_NAME)";
				SWIFT_EMIT_LOC_STRINGS = YES;
				SWIFT_VERSION = 5.0;
				TARGETED_DEVICE_FAMILY = 1;
			};
			name = Debug;
		};
		1D46AB842A28AE13007C2710 /* Release */ = {
			isa = XCBuildConfiguration;
			baseConfigurationReference = E87B78C5C28F0ABBB4C3BF70 /* Pods-KaizenGamingAssignment.release.xcconfig */;
			buildSettings = {
				ASSETCATALOG_COMPILER_APPICON_NAME = AppIcon;
				ASSETCATALOG_COMPILER_GLOBAL_ACCENT_COLOR_NAME = AccentColor;
				CODE_SIGN_STYLE = Automatic;
				CURRENT_PROJECT_VERSION = 1;
				DEVELOPMENT_TEAM = NW97XP3FY6;
				GENERATE_INFOPLIST_FILE = YES;
				INFOPLIST_FILE = KaizenGamingAssignment/Info.plist;
				INFOPLIST_KEY_UIApplicationSupportsIndirectInputEvents = YES;
				INFOPLIST_KEY_UILaunchStoryboardName = LaunchScreen;
				INFOPLIST_KEY_UIMainStoryboardFile = Main;
				INFOPLIST_KEY_UIStatusBarHidden = YES;
				INFOPLIST_KEY_UISupportedInterfaceOrientations = UIInterfaceOrientationPortrait;
				INFOPLIST_KEY_UISupportedInterfaceOrientations_iPad = "UIInterfaceOrientationPortrait UIInterfaceOrientationPortraitUpsideDown UIInterfaceOrientationLandscapeLeft UIInterfaceOrientationLandscapeRight";
				INFOPLIST_KEY_UISupportedInterfaceOrientations_iPhone = "UIInterfaceOrientationPortrait UIInterfaceOrientationLandscapeLeft UIInterfaceOrientationLandscapeRight";
				IPHONEOS_DEPLOYMENT_TARGET = 12.0;
				LD_RUNPATH_SEARCH_PATHS = (
					"$(inherited)",
					"@executable_path/Frameworks",
				);
				MARKETING_VERSION = 1.0;
				PRODUCT_BUNDLE_IDENTIFIER = com.kaizen.KaizenGamingAssignment;
				PRODUCT_NAME = "$(TARGET_NAME)";
				SWIFT_EMIT_LOC_STRINGS = YES;
				SWIFT_VERSION = 5.0;
				TARGETED_DEVICE_FAMILY = 1;
			};
			name = Release;
		};
		1D46AB862A28AE13007C2710 /* Debug */ = {
			isa = XCBuildConfiguration;
			baseConfigurationReference = 25161C8189B84DE8D929A634 /* Pods-KaizenGamingAssignmentTests.debug.xcconfig */;
			buildSettings = {
				ALWAYS_EMBED_SWIFT_STANDARD_LIBRARIES = YES;
				BUNDLE_LOADER = "$(TEST_HOST)";
				CODE_SIGN_STYLE = Automatic;
				CURRENT_PROJECT_VERSION = 1;
				DEVELOPMENT_TEAM = NW97XP3FY6;
				GENERATE_INFOPLIST_FILE = YES;
				IPHONEOS_DEPLOYMENT_TARGET = 15.2;
				MARKETING_VERSION = 1.0;
				PRODUCT_BUNDLE_IDENTIFIER = com.kaizen.KaizenGamingAssignmentTests;
				PRODUCT_NAME = "$(TARGET_NAME)";
				SWIFT_EMIT_LOC_STRINGS = NO;
				SWIFT_VERSION = 5.0;
				TARGETED_DEVICE_FAMILY = "1,2";
				TEST_HOST = "$(BUILT_PRODUCTS_DIR)/KaizenGamingAssignment.app/KaizenGamingAssignment";
			};
			name = Debug;
		};
		1D46AB872A28AE13007C2710 /* Release */ = {
			isa = XCBuildConfiguration;
			baseConfigurationReference = DE0926792B74BC140B12078D /* Pods-KaizenGamingAssignmentTests.release.xcconfig */;
			buildSettings = {
				ALWAYS_EMBED_SWIFT_STANDARD_LIBRARIES = YES;
				BUNDLE_LOADER = "$(TEST_HOST)";
				CODE_SIGN_STYLE = Automatic;
				CURRENT_PROJECT_VERSION = 1;
				DEVELOPMENT_TEAM = NW97XP3FY6;
				GENERATE_INFOPLIST_FILE = YES;
				IPHONEOS_DEPLOYMENT_TARGET = 15.2;
				MARKETING_VERSION = 1.0;
				PRODUCT_BUNDLE_IDENTIFIER = com.kaizen.KaizenGamingAssignmentTests;
				PRODUCT_NAME = "$(TARGET_NAME)";
				SWIFT_EMIT_LOC_STRINGS = NO;
				SWIFT_VERSION = 5.0;
				TARGETED_DEVICE_FAMILY = "1,2";
				TEST_HOST = "$(BUILT_PRODUCTS_DIR)/KaizenGamingAssignment.app/KaizenGamingAssignment";
			};
			name = Release;
		};
		1D46AB892A28AE13007C2710 /* Debug */ = {
			isa = XCBuildConfiguration;
			baseConfigurationReference = 24AF87D749453ACE3EE596CE /* Pods-KaizenGamingAssignment-KaizenGamingAssignmentUITests.debug.xcconfig */;
			buildSettings = {
				ALWAYS_EMBED_SWIFT_STANDARD_LIBRARIES = YES;
				CODE_SIGN_STYLE = Automatic;
				CURRENT_PROJECT_VERSION = 1;
				DEVELOPMENT_TEAM = NW97XP3FY6;
				GENERATE_INFOPLIST_FILE = YES;
				MARKETING_VERSION = 1.0;
				PRODUCT_BUNDLE_IDENTIFIER = com.kaizen.KaizenGamingAssignmentUITests;
				PRODUCT_NAME = "$(TARGET_NAME)";
				SWIFT_EMIT_LOC_STRINGS = NO;
				SWIFT_VERSION = 5.0;
				TARGETED_DEVICE_FAMILY = "1,2";
				TEST_TARGET_NAME = KaizenGamingAssignment;
			};
			name = Debug;
		};
		1D46AB8A2A28AE13007C2710 /* Release */ = {
			isa = XCBuildConfiguration;
			baseConfigurationReference = 49F6B0250AD16B5E1407D68D /* Pods-KaizenGamingAssignment-KaizenGamingAssignmentUITests.release.xcconfig */;
			buildSettings = {
				ALWAYS_EMBED_SWIFT_STANDARD_LIBRARIES = YES;
				CODE_SIGN_STYLE = Automatic;
				CURRENT_PROJECT_VERSION = 1;
				DEVELOPMENT_TEAM = NW97XP3FY6;
				GENERATE_INFOPLIST_FILE = YES;
				MARKETING_VERSION = 1.0;
				PRODUCT_BUNDLE_IDENTIFIER = com.kaizen.KaizenGamingAssignmentUITests;
				PRODUCT_NAME = "$(TARGET_NAME)";
				SWIFT_EMIT_LOC_STRINGS = NO;
				SWIFT_VERSION = 5.0;
				TARGETED_DEVICE_FAMILY = "1,2";
				TEST_TARGET_NAME = KaizenGamingAssignment;
			};
			name = Release;
		};
/* End XCBuildConfiguration section */

/* Begin XCConfigurationList section */
		1D46AB532A28AE0C007C2710 /* Build configuration list for PBXProject "KaizenGamingAssignment" */ = {
			isa = XCConfigurationList;
			buildConfigurations = (
				1D46AB802A28AE13007C2710 /* Debug */,
				1D46AB812A28AE13007C2710 /* Release */,
			);
			defaultConfigurationIsVisible = 0;
			defaultConfigurationName = Release;
		};
		1D46AB822A28AE13007C2710 /* Build configuration list for PBXNativeTarget "KaizenGamingAssignment" */ = {
			isa = XCConfigurationList;
			buildConfigurations = (
				1D46AB832A28AE13007C2710 /* Debug */,
				1D46AB842A28AE13007C2710 /* Release */,
			);
			defaultConfigurationIsVisible = 0;
			defaultConfigurationName = Release;
		};
		1D46AB852A28AE13007C2710 /* Build configuration list for PBXNativeTarget "KaizenGamingAssignmentTests" */ = {
			isa = XCConfigurationList;
			buildConfigurations = (
				1D46AB862A28AE13007C2710 /* Debug */,
				1D46AB872A28AE13007C2710 /* Release */,
			);
			defaultConfigurationIsVisible = 0;
			defaultConfigurationName = Release;
		};
		1D46AB882A28AE13007C2710 /* Build configuration list for PBXNativeTarget "KaizenGamingAssignmentUITests" */ = {
			isa = XCConfigurationList;
			buildConfigurations = (
				1D46AB892A28AE13007C2710 /* Debug */,
				1D46AB8A2A28AE13007C2710 /* Release */,
			);
			defaultConfigurationIsVisible = 0;
			defaultConfigurationName = Release;
		};
/* End XCConfigurationList section */
	};
	rootObject = 1D46AB502A28AE0C007C2710 /* Project object */;
}
